<?xml version="1.0" encoding="utf-8"?>
<Project ToolsVersion="4.0" xmlns="http://schemas.microsoft.com/developer/msbuild/2003">
  <ItemGroup>
    <Filter Include="D3D11">
      <UniqueIdentifier>{58b0af30-abec-4d31-bfd2-87623eba3bab}</UniqueIdentifier>
    </Filter>
  </ItemGroup>
  <ItemGroup>
    <ClInclude Include="include\GfxCore\Device.h" />
    <ClInclude Include="include\GfxCore\Geometry.h" />
    <ClInclude Include="include\GfxCore\Resource.h" />
    <ClInclude Include="include\GfxCore\Shader.h" />
    <ClInclude Include="include\GfxCore\States.h" />
    <ClInclude Include="include\GfxCore\Texture.h" />
    <ClInclude Include="include\GfxCore\Framebuffer.h" />
    <ClInclude Include="include\GfxCore\pix.h" />
    <ClInclude Include="D3D11\DeviceD3D11.h">
      <Filter>D3D11</Filter>
    </ClInclude>
    <ClInclude Include="D3D11\FramebufferD3D11.h">
      <Filter>D3D11</Filter>
    </ClInclude>
    <ClInclude Include="D3D11\GeometryD3D11.h">
      <Filter>D3D11</Filter>
    </ClInclude>
    <ClInclude Include="D3D11\ShaderD3D11.h">
      <Filter>D3D11</Filter>
    </ClInclude>
    <ClInclude Include="D3D11\TextureD3D11.h">
      <Filter>D3D11</Filter>
    </ClInclude>
    <ClInclude Include="D3D11\dx11.h">
      <Filter>D3D11</Filter>
    </ClInclude>
  </ItemGroup>
  <ItemGroup>
    <ClCompile Include="Geometry.cpp" />
    <ClCompile Include="Resource.cpp" />
    <ClCompile Include="Device.cpp" />
    <ClCompile Include="Shader.cpp" />
    <ClCompile Include="States.cpp" />
    <ClCompile Include="Texture.cpp" />
    <ClCompile Include="Framebuffer.cpp" />
    <ClCompile Include="DeviceCreate.cpp" />
    <ClCompile Include="pix.cpp" />
    <ClCompile Include="D3D11\DeviceContextD3D11.cpp">
      <Filter>D3D11</Filter>
    </ClCompile>
    <ClCompile Include="D3D11\DeviceD3D11.cpp">
      <Filter>D3D11</Filter>
    </ClCompile>
    <ClCompile Include="D3D11\FramebufferD3D11.cpp">
      <Filter>D3D11</Filter>
    </ClCompile>
    <ClCompile Include="D3D11\GeometryD3D11.cpp">
      <Filter>D3D11</Filter>
    </ClCompile>
    <ClCompile Include="D3D11\ShaderD3D11.cpp">
      <Filter>D3D11</Filter>
    </ClCompile>
    <ClCompile Include="D3D11\TextureD3D11.cpp">
      <Filter>D3D11</Filter>
    </ClCompile>
    <ClCompile Include="D3D11\DeviceD3D11Win32.cpp">
      <Filter>D3D11</Filter>
    </ClCompile>
    <ClCompile Include="D3D11\OculusVRD3D11.cpp">
      <Filter>D3D11</Filter>
    </ClCompile>
    <ClCompile Include="D3D11\OpenVRD3D11.cpp">
      <Filter>D3D11</Filter>
    </ClCompile>
  </ItemGroup>
</Project>